
Microsoft Visual Studio Solution File, Format Version 12.00
# Visual Studio 2012
Project("{FAE04EC0-301F-11D3-BF4B-00C04F79EFBC}") = "BMICalculator", "BMICalculator\BMICalculator.csproj", "{8C277418-D7A4-4FC5-924A-324163F3B177}"
EndProject
Global
	GlobalSection(SolutionConfigurationPlatforms) = preSolution
		Debug|iPhoneSimulator = Debug|iPhoneSimulator
		Release|iPhone = Release|iPhone
		Release|iPhoneSimulator = Release|iPhoneSimulator
		Debug|iPhone = Debug|iPhone
	EndGlobalSection
	GlobalSection(ProjectConfigurationPlatforms) = postSolution
		{8C277418-D7A4-4FC5-924A-324163F3B177}.Debug|iPhone.ActiveCfg = Debug|iPhone
		{8C277418-D7A4-4FC5-924A-324163F3B177}.Debug|iPhone.Build.0 = Debug|iPhone
		{8C277418-D7A4-4FC5-924A-324163F3B177}.Debug|iPhoneSimulator.ActiveCfg = Debug|iPhoneSimulator
		{8C277418-D7A4-4FC5-924A-324163F3B177}.Debug|iPhoneSimulator.Build.0 = Debug|iPhoneSimulator
		{8C277418-D7A4-4FC5-924A-324163F3B177}.Release|iPhone.ActiveCfg = Release|iPhone
		{8C277418-D7A4-4FC5-924A-324163F3B177}.Release|iPhone.Build.0 = Release|iPhone
		{8C277418-D7A4-4FC5-924A-324163F3B177}.Release|iPhoneSimulator.ActiveCfg = Release|iPhoneSimulator
		{8C277418-D7A4-4FC5-924A-324163F3B177}.Release|iPhoneSimulator.Build.0 = Release|iPhoneSimulator
	EndGlobalSection
EndGlobal
